
Microsoft Visual Studio Solution File, Format Version 12.00
# Visual Studio Version 17
VisualStudioVersion = 17.6.33829.357
MinimumVisualStudioVersion = 10.0.40219.1
Project("{9A19103F-16F7-4668-BE54-9A1E7A4F7556}") = "ETicaretWebApi", "ETicaretWebApi\ETicaretWebApi.csproj", "{D8132ABE-43B7-431A-B9C8-35EECE061069}"
EndProject
Project("{9A19103F-16F7-4668-BE54-9A1E7A4F7556}") = "ETicaret.Repository", "ETicaret.Repository\ETicaret.Repository.csproj", "{5987AE21-000B-42C9-A717-89F1367113F3}"
EndProject
Project("{9A19103F-16F7-4668-BE54-9A1E7A4F7556}") = "ETicaret.Models", "ETicaret.Models\ETicaret.Models.csproj", "{AB28CD01-7861-46EB-AEAE-C91B0737480F}"
EndProject
Project("{9A19103F-16F7-4668-BE54-9A1E7A4F7556}") = "ETicaret.MVC", "ETicaret.MVC\ETicaret.MVC.csproj", "{A151A4A0-AD64-4268-B56C-9C641B75C090}"
EndProject
Global
	GlobalSection(SolutionConfigurationPlatforms) = preSolution
		Debug|Any CPU = Debug|Any CPU
		Release|Any CPU = Release|Any CPU
	EndGlobalSection
	GlobalSection(ProjectConfigurationPlatforms) = postSolution
		{D8132ABE-43B7-431A-B9C8-35EECE061069}.Debug|Any CPU.ActiveCfg = Debug|Any CPU
		{D8132ABE-43B7-431A-B9C8-35EECE061069}.Debug|Any CPU.Build.0 = Debug|Any CPU
		{D8132ABE-43B7-431A-B9C8-35EECE061069}.Release|Any CPU.ActiveCfg = Release|Any CPU
		{D8132ABE-43B7-431A-B9C8-35EECE061069}.Release|Any CPU.Build.0 = Release|Any CPU
		{5987AE21-000B-42C9-A717-89F1367113F3}.Debug|Any CPU.ActiveCfg = Debug|Any CPU
		{5987AE21-000B-42C9-A717-89F1367113F3}.Debug|Any CPU.Build.0 = Debug|Any CPU
		{5987AE21-000B-42C9-A717-89F1367113F3}.Release|Any CPU.ActiveCfg = Release|Any CPU
		{5987AE21-000B-42C9-A717-89F1367113F3}.Release|Any CPU.Build.0 = Release|Any CPU
		{AB28CD01-7861-46EB-AEAE-C91B0737480F}.Debug|Any CPU.ActiveCfg = Debug|Any CPU
		{AB28CD01-7861-46EB-AEAE-C91B0737480F}.Debug|Any CPU.Build.0 = Debug|Any CPU
		{AB28CD01-7861-46EB-AEAE-C91B0737480F}.Release|Any CPU.ActiveCfg = Release|Any CPU
		{AB28CD01-7861-46EB-AEAE-C91B0737480F}.Release|Any CPU.Build.0 = Release|Any CPU
		{A151A4A0-AD64-4268-B56C-9C641B75C090}.Debug|Any CPU.ActiveCfg = Debug|Any CPU
		{A151A4A0-AD64-4268-B56C-9C641B75C090}.Debug|Any CPU.Build.0 = Debug|Any CPU
		{A151A4A0-AD64-4268-B56C-9C641B75C090}.Release|Any CPU.ActiveCfg = Release|Any CPU
		{A151A4A0-AD64-4268-B56C-9C641B75C090}.Release|Any CPU.Build.0 = Release|Any CPU
	EndGlobalSection
	GlobalSection(SolutionProperties) = preSolution
		HideSolutionNode = FALSE
	EndGlobalSection
	GlobalSection(ExtensibilityGlobals) = postSolution
		SolutionGuid = {F22D0E40-37DB-48A7-AA76-80B3C8A21378}
	EndGlobalSection
EndGlobal
